
Microsoft Visual Studio Solution File, Format Version 12.00
# Visual Studio Version 17
VisualStudioVersion = 17.6.33801.468
MinimumVisualStudioVersion = 10.0.40219.1
Project("{FAE04EC0-301F-11D3-BF4B-00C04F79EFBC}") = "JudoProgram", "JudoProgram\JudoProgram.csproj", "{F70693B3-E8A3-4461-989A-34706CF9CC30}"
EndProject
Global
	GlobalSection(SolutionConfigurationPlatforms) = preSolution
		Debug|Any CPU = Debug|Any CPU
		Release|Any CPU = Release|Any CPU
	EndGlobalSection
	GlobalSection(ProjectConfigurationPlatforms) = postSolution
		{F70693B3-E8A3-4461-989A-34706CF9CC30}.Debug|Any CPU.ActiveCfg = Debug|Any CPU
		{F70693B3-E8A3-4461-989A-34706CF9CC30}.Debug|Any CPU.Build.0 = Debug|Any CPU
		{F70693B3-E8A3-4461-989A-34706CF9CC30}.Release|Any CPU.ActiveCfg = Release|Any CPU
		{F70693B3-E8A3-4461-989A-34706CF9CC30}.Release|Any CPU.Build.0 = Release|Any CPU
	EndGlobalSection
	GlobalSection(SolutionProperties) = preSolution
		HideSolutionNode = FALSE
	EndGlobalSection
	GlobalSection(ExtensibilityGlobals) = postSolution
		SolutionGuid = {9B53FDA5-46D2-4980-AA32-5E721A17F2A0}
	EndGlobalSection
EndGlobal
